
Microsoft Visual Studio Solution File, Format Version 12.00
# Visual Studio Version 17
VisualStudioVersion = 17.10.35027.167
MinimumVisualStudioVersion = 10.0.40219.1
Project("{9A19103F-16F7-4668-BE54-9A1E7A4F7556}") = "ArtCafe.Server", "ArtCafe.Server\ArtCafe.Server.csproj", "{60E0ED00-850C-4993-9EC3-D0753A02717B}"
EndProject
Project("{54A90642-561A-4BB1-A94E-469ADEE60C69}") = "artcafe.client", "artcafe.client\artcafe.client.esproj", "{3A57CBAA-AEDF-48A7-8B6D-A381E07D1B9D}"
EndProject
Global
	GlobalSection(SolutionConfigurationPlatforms) = preSolution
		Debug|Any CPU = Debug|Any CPU
		Release|Any CPU = Release|Any CPU
	EndGlobalSection
	GlobalSection(ProjectConfigurationPlatforms) = postSolution
		{60E0ED00-850C-4993-9EC3-D0753A02717B}.Debug|Any CPU.ActiveCfg = Debug|Any CPU
		{60E0ED00-850C-4993-9EC3-D0753A02717B}.Debug|Any CPU.Build.0 = Debug|Any CPU
		{60E0ED00-850C-4993-9EC3-D0753A02717B}.Release|Any CPU.ActiveCfg = Release|Any CPU
		{60E0ED00-850C-4993-9EC3-D0753A02717B}.Release|Any CPU.Build.0 = Release|Any CPU
		{3A57CBAA-AEDF-48A7-8B6D-A381E07D1B9D}.Debug|Any CPU.ActiveCfg = Debug|Any CPU
		{3A57CBAA-AEDF-48A7-8B6D-A381E07D1B9D}.Debug|Any CPU.Build.0 = Debug|Any CPU
		{3A57CBAA-AEDF-48A7-8B6D-A381E07D1B9D}.Debug|Any CPU.Deploy.0 = Debug|Any CPU
		{3A57CBAA-AEDF-48A7-8B6D-A381E07D1B9D}.Release|Any CPU.ActiveCfg = Release|Any CPU
		{3A57CBAA-AEDF-48A7-8B6D-A381E07D1B9D}.Release|Any CPU.Build.0 = Release|Any CPU
		{3A57CBAA-AEDF-48A7-8B6D-A381E07D1B9D}.Release|Any CPU.Deploy.0 = Release|Any CPU
	EndGlobalSection
	GlobalSection(SolutionProperties) = preSolution
		HideSolutionNode = FALSE
	EndGlobalSection
	GlobalSection(ExtensibilityGlobals) = postSolution
		SolutionGuid = {14937F1D-DC3F-4BA1-A49F-08A14BE5BA8C}
	EndGlobalSection
EndGlobal
